
Microsoft Visual Studio Solution File, Format Version 12.00
# Visual Studio Version 17
VisualStudioVersion = 17.5.002.0
MinimumVisualStudioVersion = 10.0.40219.1
Project("{9A19103F-16F7-4668-BE54-9A1E7A4F7556}") = "Inheritance Polymorphism", "Inheritance Polymorphism.csproj", "{FA7833DD-3118-4A17-9782-87B0C45AB929}"
EndProject
Global
	GlobalSection(SolutionConfigurationPlatforms) = preSolution
		Debug|Any CPU = Debug|Any CPU
		Release|Any CPU = Release|Any CPU
	EndGlobalSection
	GlobalSection(ProjectConfigurationPlatforms) = postSolution
		{FA7833DD-3118-4A17-9782-87B0C45AB929}.Debug|Any CPU.ActiveCfg = Debug|Any CPU
		{FA7833DD-3118-4A17-9782-87B0C45AB929}.Debug|Any CPU.Build.0 = Debug|Any CPU
		{FA7833DD-3118-4A17-9782-87B0C45AB929}.Release|Any CPU.ActiveCfg = Release|Any CPU
		{FA7833DD-3118-4A17-9782-87B0C45AB929}.Release|Any CPU.Build.0 = Release|Any CPU
	EndGlobalSection
	GlobalSection(SolutionProperties) = preSolution
		HideSolutionNode = FALSE
	EndGlobalSection
	GlobalSection(ExtensibilityGlobals) = postSolution
		SolutionGuid = {AE466244-2B3F-4E21-AB06-DF634BC30249}
	EndGlobalSection
EndGlobal
