
Microsoft Visual Studio Solution File, Format Version 12.00
# Visual Studio Version 17
VisualStudioVersion = 17.5.002.0
MinimumVisualStudioVersion = 10.0.40219.1
Project("{9A19103F-16F7-4668-BE54-9A1E7A4F7556}") = "Constructors Properties", "Constructors Properties.csproj", "{E1CAA90A-5365-452C-8AD0-86FC008FB3CE}"
EndProject
Global
	GlobalSection(SolutionConfigurationPlatforms) = preSolution
		Debug|Any CPU = Debug|Any CPU
		Release|Any CPU = Release|Any CPU
	EndGlobalSection
	GlobalSection(ProjectConfigurationPlatforms) = postSolution
		{E1CAA90A-5365-452C-8AD0-86FC008FB3CE}.Debug|Any CPU.ActiveCfg = Debug|Any CPU
		{E1CAA90A-5365-452C-8AD0-86FC008FB3CE}.Debug|Any CPU.Build.0 = Debug|Any CPU
		{E1CAA90A-5365-452C-8AD0-86FC008FB3CE}.Release|Any CPU.ActiveCfg = Release|Any CPU
		{E1CAA90A-5365-452C-8AD0-86FC008FB3CE}.Release|Any CPU.Build.0 = Release|Any CPU
	EndGlobalSection
	GlobalSection(SolutionProperties) = preSolution
		HideSolutionNode = FALSE
	EndGlobalSection
	GlobalSection(ExtensibilityGlobals) = postSolution
		SolutionGuid = {6488DE12-30C0-4B49-AAFC-45BEE8C91EE5}
	EndGlobalSection
EndGlobal
